
Microsoft Visual Studio Solution File, Format Version 12.00
# Visual Studio Version 17
VisualStudioVersion = 17.9.34728.123
MinimumVisualStudioVersion = 10.0.40219.1
Project("{9A19103F-16F7-4668-BE54-9A1E7A4F7556}") = "WebVideoStore", "WebVideoStore\WebVideoStore.csproj", "{AF0E9CE2-B4C4-4DE1-9B4D-E9237ED2534A}"
EndProject
Project("{FAE04EC0-301F-11D3-BF4B-00C04F79EFBC}") = "WebVideoStore.DataAccess", "WebVideoStore.DataAccess\WebVideoStore.DataAccess.csproj", "{3D5E2531-D711-4409-948F-34EF6479E436}"
EndProject
Project("{FAE04EC0-301F-11D3-BF4B-00C04F79EFBC}") = "WebVideoStore.Models", "WebVideoStore.Models\WebVideoStore.Models.csproj", "{96863556-98A3-4F1D-A8FC-332868F5D1E5}"
EndProject
Project("{FAE04EC0-301F-11D3-BF4B-00C04F79EFBC}") = "WebVideoStoreUtility", "WebVideoStoreUtility\WebVideoStoreUtility.csproj", "{5E566BF8-961F-4017-A55E-1EC5B709EFFC}"
EndProject
Global
	GlobalSection(SolutionConfigurationPlatforms) = preSolution
		Debug|Any CPU = Debug|Any CPU
		Release|Any CPU = Release|Any CPU
	EndGlobalSection
	GlobalSection(ProjectConfigurationPlatforms) = postSolution
		{AF0E9CE2-B4C4-4DE1-9B4D-E9237ED2534A}.Debug|Any CPU.ActiveCfg = Debug|Any CPU
		{AF0E9CE2-B4C4-4DE1-9B4D-E9237ED2534A}.Debug|Any CPU.Build.0 = Debug|Any CPU
		{AF0E9CE2-B4C4-4DE1-9B4D-E9237ED2534A}.Release|Any CPU.ActiveCfg = Release|Any CPU
		{AF0E9CE2-B4C4-4DE1-9B4D-E9237ED2534A}.Release|Any CPU.Build.0 = Release|Any CPU
		{3D5E2531-D711-4409-948F-34EF6479E436}.Debug|Any CPU.ActiveCfg = Debug|Any CPU
		{3D5E2531-D711-4409-948F-34EF6479E436}.Debug|Any CPU.Build.0 = Debug|Any CPU
		{3D5E2531-D711-4409-948F-34EF6479E436}.Release|Any CPU.ActiveCfg = Release|Any CPU
		{3D5E2531-D711-4409-948F-34EF6479E436}.Release|Any CPU.Build.0 = Release|Any CPU
		{96863556-98A3-4F1D-A8FC-332868F5D1E5}.Debug|Any CPU.ActiveCfg = Debug|Any CPU
		{96863556-98A3-4F1D-A8FC-332868F5D1E5}.Debug|Any CPU.Build.0 = Debug|Any CPU
		{96863556-98A3-4F1D-A8FC-332868F5D1E5}.Release|Any CPU.ActiveCfg = Release|Any CPU
		{96863556-98A3-4F1D-A8FC-332868F5D1E5}.Release|Any CPU.Build.0 = Release|Any CPU
		{5E566BF8-961F-4017-A55E-1EC5B709EFFC}.Debug|Any CPU.ActiveCfg = Debug|Any CPU
		{5E566BF8-961F-4017-A55E-1EC5B709EFFC}.Debug|Any CPU.Build.0 = Debug|Any CPU
		{5E566BF8-961F-4017-A55E-1EC5B709EFFC}.Release|Any CPU.ActiveCfg = Release|Any CPU
		{5E566BF8-961F-4017-A55E-1EC5B709EFFC}.Release|Any CPU.Build.0 = Release|Any CPU
	EndGlobalSection
	GlobalSection(SolutionProperties) = preSolution
		HideSolutionNode = FALSE
	EndGlobalSection
	GlobalSection(ExtensibilityGlobals) = postSolution
		SolutionGuid = {FF9E895E-3311-48EC-A6AA-FEBCB66635A1}
	EndGlobalSection
EndGlobal
